
Microsoft Visual Studio Solution File, Format Version 12.00
# Visual Studio Version 17
VisualStudioVersion = 17.14.36705.20
MinimumVisualStudioVersion = 10.0.40219.1
Project("{FAE04EC0-301F-11D3-BF4B-00C04F79EFBC}") = "WeatherStation", "WeatherStation.csproj", "{1E2BC4F3-0F4C-71CF-68EE-19CD7FB8748C}"
EndProject
Project("{FAE04EC0-301F-11D3-BF4B-00C04F79EFBC}") = "Database", "..\Database\Database.csproj", "{5BD16865-EA19-E443-5C31-55F4D9896C82}"
EndProject
Project("{FAE04EC0-301F-11D3-BF4B-00C04F79EFBC}") = "Repository", "..\Repository\Repository.csproj", "{60277EC5-A3F9-4279-9305-841EBAC51C57}"
EndProject
Global
	GlobalSection(SolutionConfigurationPlatforms) = preSolution
		Debug|Any CPU = Debug|Any CPU
		Release|Any CPU = Release|Any CPU
	EndGlobalSection
	GlobalSection(ProjectConfigurationPlatforms) = postSolution
		{1E2BC4F3-0F4C-71CF-68EE-19CD7FB8748C}.Debug|Any CPU.ActiveCfg = Debug|Any CPU
		{1E2BC4F3-0F4C-71CF-68EE-19CD7FB8748C}.Debug|Any CPU.Build.0 = Debug|Any CPU
		{1E2BC4F3-0F4C-71CF-68EE-19CD7FB8748C}.Release|Any CPU.ActiveCfg = Release|Any CPU
		{1E2BC4F3-0F4C-71CF-68EE-19CD7FB8748C}.Release|Any CPU.Build.0 = Release|Any CPU
		{5BD16865-EA19-E443-5C31-55F4D9896C82}.Debug|Any CPU.ActiveCfg = Debug|Any CPU
		{5BD16865-EA19-E443-5C31-55F4D9896C82}.Debug|Any CPU.Build.0 = Debug|Any CPU
		{5BD16865-EA19-E443-5C31-55F4D9896C82}.Release|Any CPU.ActiveCfg = Release|Any CPU
		{5BD16865-EA19-E443-5C31-55F4D9896C82}.Release|Any CPU.Build.0 = Release|Any CPU
		{60277EC5-A3F9-4279-9305-841EBAC51C57}.Debug|Any CPU.ActiveCfg = Debug|Any CPU
		{60277EC5-A3F9-4279-9305-841EBAC51C57}.Debug|Any CPU.Build.0 = Debug|Any CPU
		{60277EC5-A3F9-4279-9305-841EBAC51C57}.Release|Any CPU.ActiveCfg = Release|Any CPU
		{60277EC5-A3F9-4279-9305-841EBAC51C57}.Release|Any CPU.Build.0 = Release|Any CPU
	EndGlobalSection
	GlobalSection(SolutionProperties) = preSolution
		HideSolutionNode = FALSE
	EndGlobalSection
	GlobalSection(ExtensibilityGlobals) = postSolution
		SolutionGuid = {29236EDD-4961-4953-8B9F-E686DFCFEA11}
	EndGlobalSection
EndGlobal
